project=Project 003
phase=2A
phase2_protocol_sha256=6234485e8916fd30a335c761a62668b617cb148b5b5a1753d12fd7765fa1633f
source_candidates_sha256=f0085da28d6e9089f6f74fb90f1acd9606dd3f6e3d8bd2c3741f0846081edc21
source_admission_audit_sha256=4a1c24236bb47261647196d656ab2c16e42385627d6b93a63291f18179cc5611
admitted_sources_sha256=55ebf63901ac0c118cb5ec687b49cc81cf680bb9357246ba2f6138b27a29641f
admitted_sources=4
samples=HG003,HG004
technologies=ILLUMINA,ONT
performance_consulted_for_selection=False
status=FROZEN_BEFORE_LARGE_ARTIFACT_DOWNLOAD
