project=Project 003
phase=2B
context_beds_source_manifest_sha256=9e6158cfc60c44c0aa266d0a9729a0ed8ccd0122e1268a8f5b8172a8cf8b6446
context_beds_downloaded_manifest_sha256=977bf8110db8e26486eaea51d138cd02264da4b26b29fd9c29c595e3bf405cc5
context_count=5
all_official_md5_checks=PASS
benchmark_outcomes_consulted=False
status=FROZEN_BEFORE_INTERVAL_SELECTION
