project=Project 003
phase=2B
interval_selection_method_sha256=b3dd8fdbd8c308a9f9098fbc213a9a243ceec081b92b74862d60d212ea1619b2
context_beds_downloaded_manifest_sha256=977bf8110db8e26486eaea51d138cd02264da4b26b29fd9c29c595e3bf405cc5
shared_callable_sha256=22abff164c57dc25327d5a395e5fc17d49f30cbde4b2d18cbc4748a52643c549
selected_intervals_sha256=2e5a6a97c9bacf5fdf3cf547ac7db32d06f611a1f2bcca66cbcfbd04e722c01c
selected_assessable_segments_sha256=4c77e17c3dec47051cb9b29fa14fee67f31a559785417d083f4f7bcacb05cd26
interval_panel_checksums_sha256=773856eb95840599e3ef081d2ee3e15c2592ce23a343b7ee64c0915c899843a6
selected_windows=50
contexts=5
windows_per_context=10
excluded_chromosome=chr20
query_vcfs_consulted=False
benchmark_outcomes_consulted=False
status=FROZEN_BEFORE_QUERY_VCF_DOWNLOAD_AND_BENCHMARKING
