project=Project 003
phase=2B
admitted_sources_sha256=55ebf63901ac0c118cb5ec687b49cc81cf680bb9357246ba2f6138b27a29641f
interval_selection_method_sha256=b3dd8fdbd8c308a9f9098fbc213a9a243ceec081b92b74862d60d212ea1619b2
truth_beds_manifest_sha256=e775a87ec2aa4c0db6f8474a56f51dfe96eaa6f7a00c214df473f6578d121a75
shared_callable_sha256=22abff164c57dc25327d5a395e5fc17d49f30cbde4b2d18cbc4748a52643c549
shared_callable_intervals=657173
shared_callable_bases=2496289212
phase2_eligible_autosomes=21
excluded_chromosome=chr20
query_vcfs_consulted=False
benchmark_outcomes_consulted=False
status=FROZEN_BEFORE_INTERVAL_SELECTION
