project=Project 003
phase=2B
phase2_protocol_sha256=6234485e8916fd30a335c761a62668b617cb148b5b5a1753d12fd7765fa1633f
admitted_sources_sha256=55ebf63901ac0c118cb5ec687b49cc81cf680bb9357246ba2f6138b27a29641f
giab_stratification_version=v3.6
reference_assembly=GRCh38
stratification_metadata_manifest_sha256=effe001197dd7c3d62d0078beb946de4d6cc546cf06d9a3109e0dad732ccbfdc
benchmark_outcomes_consulted=False
status=FROZEN_BEFORE_CONTEXT_INTERVAL_SELECTION
