lock_version: "1.0.0"
lock_id: "phase1a-happy-0.3.15-vcfeval-3.12.1"
locked_at: "2026-09-28"
platform:
  os: linux
  architecture: amd64
hap_py:
  version: "0.3.15"
  upstream_repository: "https://github.com/Illumina/hap.py"
  git_tag: "v0.3.15"
  git_commit: "84011695b2ff2406c16a335106db6831fb67fdfe"
  source_archive_sha256: "838912f1ab805224110af3c1035849d5483b5ce4c565ae0f0db7f7284af06676"
  container:
    reference: "quay.io/biocontainers/hap.py@sha256:d63b963a6cb01b4830393b22369e7b91d298e4156dde353739e74e4cfa4f96d0"
    tag_for_humans_only: "0.3.15--py27hcb73b3d_0"
    manifest_digest: "sha256:d63b963a6cb01b4830393b22369e7b91d298e4156dde353739e74e4cfa4f96d0"
    compressed_layer_bytes: 233568516
rtg_tools:
  version: "3.12.1"
  upstream_repository: "https://github.com/RealTimeGenomics/rtg-tools"
  git_tag: "3.12.1"
  git_commit: "a9d16d88b80fc660ba3ad7d6b9e7acc45e0befd7"
  linux_x64_archive_url: "https://github.com/RealTimeGenomics/rtg-tools/releases/download/3.12.1/rtg-tools-3.12.1-linux-x64.zip"
  linux_x64_archive_bytes: 50742537
  linux_x64_archive_sha256: "ba43cadbb3e79bff74e7d2f8540dd5e201574ec8e293ba555f3aeefd1375dfc5"
comparison:
  engine: "vcfeval"
  annotated_vcf: true
  threads: 2
  core_interval:
    assembly: "GRCh38"
    contig: "chr20"
    start_0based: 10000000
    end_0based: 11000000
  padded_interval:
    assembly: "GRCh38"
    contig: "chr20"
    start_0based: 9999000
    end_0based: 11001000
  immutable_args:
    - "-V"
    - "--engine=vcfeval"
    - "--engine-vcfeval-path=/opt/rtg-tools-3.12.1/rtg"
    - "--threads=2"
runtime_capture_required:
  - hap.py_version
  - rtg_version
  - java_version
  - bcftools_version
  - samtools_version
  - python_version
  - derived_image_digest
  - command_argv
  - stdout_sha256
  - stderr_sha256
