project=Project 003
phase=2B
method=docs/phase2/interval_selection_method.md
method_sha256=b3dd8fdbd8c308a9f9098fbc213a9a243ceec081b92b74862d60d212ea1619b2
phase2_protocol_sha256=6234485e8916fd30a335c761a62668b617cb148b5b5a1753d12fd7765fa1633f
admitted_sources_sha256=55ebf63901ac0c118cb5ec687b49cc81cf680bb9357246ba2f6138b27a29641f
context_beds_downloaded_sha256=977bf8110db8e26486eaea51d138cd02264da4b26b29fd9c29c595e3bf405cc5
nominal_window_size_bp=25000
minimum_assessable_bp=5000
windows_per_context=10
context_count=5
target_total_windows=50
minimum_chromosomes_per_context=5
maximum_windows_per_chromosome_per_context=2
excluded_chromosome=chr20
benchmark_outcomes_consulted=False
query_vcfs_consulted=False
status=FROZEN_BEFORE_TRUTH_BED_DOWNLOAD_AND_INTERVAL_SELECTION
