status=FROZEN_BEFORE_PHASE2C_COMPUTE_RERUN_AFTER_RUN2
failed_workflow_run_id=36633924088
failed_workflow_run_attempt=1
failed_workflow_commit=141d1689ea441931f3dd5286579c7e5e783f31d1
base_runner_sha256=24011ab7187c57c020fb614e5570fddf0e80a734cf1332f8a0891abc500be071
patched_runner_sha256=3044ecb28d18a0fe8876fea43ee59ed8f8d8b86b75ee694f8ffd3d1400ad7f09
runtime_patch_report_sha256=ad84572e246e05893621cabf369bc0cbea3944d332a6cdd58da2f356a52aed4f
patch_scope=PYTHON_DEPENDENCY_VISIBILITY_ONLY
genomic_source_retrieval_performed=true
benchmark_comparisons_executed=4
phase2c_registry_materialization_completed=false
phase2d_identity_applied=false
