status=FROZEN_BEFORE_PHASE2D_IDENTITY_TRANSFORMATION
base_commit=1479f9a1c436ea231743652125d25af754d32282
phase1b_archive_sha256=50bf597cbc13a051d5dda7201e9d7653dbc7b1762fef1b8300199641df6474fb
phase2c_archive_sha256=345b6c3483350f4f1930fc5957f7a97c2b2daf30e6ba1972f2cf3b8484ff0536
phase1b_identity_library_sha256=ef05ab077a5bc4495616331dff663d3cea45297651c7a18cd243e98b21532a5c
admitted_sources_lock_sha256=63d72d95d48c923514760c72f28a9a397071f6c44fa615bbc55a5fb5adf3a48c
interval_panel_lock_sha256=ef00c21f0e667c1891b90d6785f1072895a8b9d620a5519130a8a1823a4bd9a1
identity_schema_version=phase1b-variant-identity-v1
identity_method=PHASE1B_EXACT_NORMALIZED_ALLELE_V1
identity_method_version=1.0.0
phase2d_application_version=1.0.0
representation_equivalence_enabled=false
reliability_scoring_enabled=false
technology_ranking_enabled=false
phase2d_protocol_sha256=d7108f9547a407053a8cd2667ce3d92532487d8dbfb022e0b2ccbc2b68aabd60
