status=FROZEN_BEFORE_PHASE2E_RUN2
run1_base_commit=c5ea3cc634f57e54ba39e6553276c04c422fd3a0
run1_runner_sha256=8eccc48fe34812c7d7e3f918a742318b6c90a36be62bc321c141e9c102682f4e
run1_archive_sha256=3e8d3d602cca96c461d3f8cfe847cf14f0b0fcf375a2b71be2a7b720edbd6cdf
run1_verdict=STOP
run1_failed_gate=P2-13
diagnosis=P2_13_VALIDATOR_FALSE_NEGATIVE
diagnostic_marker=P2_13_VALIDATOR_FALSE_NEGATIVE_DIAGNOSIS_PASS
patched_runner_sha256=b7a55615a464bf536ae3c2673b4af614963f0e7f1abed6afb78a441dbaf6af35
patch_report_sha256=eaa4c2654b9b5dac1420163da1e688c8e08f0b91a6c3793148247c0823ef7c60
patch_scope=P2_13_VALIDATION_IMPLEMENTATION_ONLY
scientific_records_changed=false
phase2_gate_definition_changed=false
identity_semantics_changed=false
representation_equivalence_changed=false
verdict_semantics_changed=false
phase2e_run2_executed=false
