status=FROZEN_BEFORE_GITHUB_ACTIONS_PHASE2C_COMPUTE
amendment_sha256=6aac2e226d88da35c47547cd1b3dfe92b84f92907daadd8bac656064d20abcac
base_precompute_commit=7ca60b7a01b04b3cf692e04fd5577b6e5a037b29
colab_compatibility_commit=cbbb5f7b8a5c9acd5479fa8bbf6f85978910c121
phase2c_protocol_sha256=e2eb2bb92c89b1497a10d0f0b6d57b91b95c20b79193e9e0fd255403027961be
selected_assessable_segments_sha256=4c77e17c3dec47051cb9b29fa14fee67f31a559785417d083f4f7bcacb05cd26
hap_py_version=0.3.15
hap_py_container_digest=sha256:d63b963a6cb01b4830393b22369e7b91d298e4156dde353739e74e4cfa4f96d0
rtg_version=3.12.1
rtg_archive_sha256=ba43cadbb3e79bff74e7d2f8540dd5e201574ec8e293ba555f3aeefd1375dfc5
comparison_engine=vcfeval
threads=2
phase2d_identity_applied=false
