status=PHASE2C_GITHUB_ACTIONS_PREFLIGHT_PASS
preflight_report_sha256=1b7872d9198a8834483a08ec7c963c14856683586d7e4ee3059c4cc1650395f0
workflow_commit=450e4b79ef2bbcf5670138f93267f506a41a844d
workflow_run_id=36623331671
workflow_run_attempt=1
logical_cpus=2
ram_bytes=8323969024
free_disk_gate_bytes=39831830528
minimum_free_disk_bytes=16106127360
post_comparator_free_disk_bytes=38794772480
docker_version=28.0.4
hap_py_version=0.3.15
hap_py_container_digest=sha256:d63b963a6cb01b4830393b22369e7b91d298e4156dde353739e74e4cfa4f96d0
rtg_version=3.12.1
rtg_archive_sha256=ba43cadbb3e79bff74e7d2f8540dd5e201574ec8e293ba555f3aeefd1375dfc5
genomic_benchmark_compute_performed=false
phase2d_identity_applied=false
