status=FROZEN_BEFORE_PHASE2E_FINAL_GATE_EXECUTION
base_commit=e54dd3676187bc134fa3d29a7047a41f0a06cf4a
phase1a_archive_sha256=6630879776c3da2326f5c56b4dbb16ca5bd409b5cbc065590608d40a99a28202
phase1b_archive_sha256=50bf597cbc13a051d5dda7201e9d7653dbc7b1762fef1b8300199641df6474fb
phase2_protocol_sha256=6234485e8916fd30a335c761a62668b617cb148b5b5a1753d12fd7765fa1633f
admitted_sources_lock_sha256=63d72d95d48c923514760c72f28a9a397071f6c44fa615bbc55a5fb5adf3a48c
interval_panel_lock_sha256=ef00c21f0e667c1891b90d6785f1072895a8b9d620a5519130a8a1823a4bd9a1
phase2c_archive_sha256=345b6c3483350f4f1930fc5957f7a97c2b2daf30e6ba1972f2cf3b8484ff0536
phase2d_archive_sha256=3e5feb50e28b620a8ab9f1d4c9901b9faedb127fd84a2dad4dedf65dd5437532
phase1b_identity_library_sha256=ef05ab077a5bc4495616331dff663d3cea45297651c7a18cd243e98b21532a5c
phase2d_release_lock_sha256=e5880f5a516e4b71a91d7cc3aab8d273b817c090dec975d6e62fd5f2344a7592
phase2e_protocol_sha256=bda8b3a61a0f6cf311ef6bf765bc9c760d4f42d78bd353ca0012ddc1677b8a43
locked_phase2_gate_count=20
final_verdict_hardcoded=false
representation_equivalence_enabled=false
reliability_scoring_enabled=false
technology_ranking_enabled=false
new_genomic_compute_allowed=false
target_paid_compute_cad=0
