status=PHASE2C_COMPUTE_COMPLETE
workflow_run_number=4
workflow_run_id=36643664981
workflow_commit=d6f5e707d71e72a88884da885294d6e12d8138ae
archive_path=results/phase2c/omicsedge_phase2c_results.tar.gz
archive_sha256=345b6c3483350f4f1930fc5957f7a97c2b2daf30e6ba1972f2cf3b8484ff0536
archive_size_bytes=2329328
release_report_sha256=d2219cc7b94e02b87c9631a622d586bd97c334f448292727649c8a1b450de437
internal_checksum_manifest_verified=true
phase2c_validation_gates_passed=19
phase2c_validation_gates_failed=0
phase2d_identity_applied=false
representation_equivalence_applied=false
reliability_scoring_applied=false
technology_ranking_applied=false
