status=FROZEN_BEFORE_PHASE2E_FINAL_GATE_EXECUTION
base_commit=2eec56fa8c2bbb130c445af236d5af38263d21ec
runner_sha256=8eccc48fe34812c7d7e3f918a742318b6c90a36be62bc321c141e9c102682f4e
phase2e_protocol_sha256=bda8b3a61a0f6cf311ef6bf765bc9c760d4f42d78bd353ca0012ddc1677b8a43
phase2e_protocol_lock_sha256=bd0c385437d2e0e180daf1cc748c98b3af7a515b373f5e5a5a70ffb349c61978
locked_phase2_gate_count=20
verdict_derived_from_gate_results=true
final_verdict_inspected=false
phase2e_results_materialized=false
representation_equivalence_enabled=false
reliability_scoring_enabled=false
technology_ranking_enabled=false
new_genomic_compute_allowed=false
