status=PHASE2_COMPLETE_PASS
successful_execution_commit=9bf60ae996af7430d8dada11c9456221b0c90cc9
successful_runner_sha256=b7a55615a464bf536ae3c2673b4af614963f0e7f1abed6afb78a441dbaf6af35
p213_validator_patch_lock_sha256=82f9d5bb5893931f456b778546d359061bf8bbad7169f1e78899271a68f764dd
archive_path=results/phase2e/omicsedge_phase2_final_results.tar.gz
archive_sha256=186cbed74fa718a728f7a24b43d58118a308165fae385eb95cc4cb4444788ca3
archive_size_bytes=8708768
release_report_sha256=17fdafb6ad456017b5f0f3e553dbc9a4618c47d392380d43b3eb63d57445c9b7
independent_archive_extraction_verified=true
internal_checksum_manifest_verified=true
nested_authority_archives_verified=true
phase2_final_verdict=PASS
phase2_gate_count=20
phase2_gate_pass_count=20
phase2_gate_fail_count=0
sample_count=3
samples=HG002,HG003,HG004
phase2_context_count=5
phase2_chromosome_count=19
phase2c_event_count=7951
phase2c_observation_count=15902
phase2d_exact_link_count=7891
phase2d_unresolved_event_count=60
phase2d_unique_variant_count=2612
product_query_rows=8
product_query_distinct_samples=2
product_query_distinct_technologies=2
representation_equivalence_enabled=false
reliability_scoring_enabled=false
technology_ranking_enabled=false
new_genomic_compute_performed=false
phase2_complete=true
