status=FROZEN_BEFORE_PHASE2C_COMPUTE_RERUN_AFTER_RUN3
failed_workflow_run_id=36637029707
failed_workflow_run_attempt=1
failed_workflow_commit=58022f64ec6dd5b15a0637e0f3cf199409fc96fc
base_runner_sha256=3044ecb28d18a0fe8876fea43ee59ed8f8d8b86b75ee694f8ffd3d1400ad7f09
patched_runner_sha256=523db63bee4a4b7337ea9a2f629af596cd3d3399f7c124817d9e0019fde54f78
runtime_patch_report_sha256=5b1654d19f550eaabee72f74aa0079112d29aeb0e2e2be95afd86bb9d769c6c8
patch_scope=DUCKDB_RESULT_MATERIALIZATION_ONLY
genomic_source_retrieval_performed=true
benchmark_comparisons_executed=4
annotation_validation_completed=true
schema_validation_completed=true
events_materialized=7951
observations_materialized=15902
experiments_materialized=4
benchmark_runs_materialized=4
provenance_links_materialized=23961
phase2c_final_validation_completed=false
phase2d_identity_applied=false
