project=Project 003
phase=2C
protocol=docs/phase2/phase2c_compute_protocol.md
protocol_sha256=e2eb2bb92c89b1497a10d0f0b6d57b91b95c20b79193e9e0fd255403027961be
phase2_protocol_sha256=6234485e8916fd30a335c761a62668b617cb148b5b5a1753d12fd7765fa1633f
admitted_sources_sha256=55ebf63901ac0c118cb5ec687b49cc81cf680bb9357246ba2f6138b27a29641f
selected_intervals_sha256=2e5a6a97c9bacf5fdf3cf547ac7db32d06f611a1f2bcca66cbcfbd04e722c01c
selected_assessable_segments_sha256=4c77e17c3dec47051cb9b29fa14fee67f31a559785417d083f4f7bcacb05cd26
hap_py_version=0.3.15
rtg_vcfeval_version=3.12.1
retrieval_padding_bp=1000
run_count=4
query_vcfs_consulted=False
benchmark_outcomes_consulted=False
phase1_chr20_interval_allowed=False
large_compute_location=GOOGLE_COLAB_EPHEMERAL
status=FROZEN_BEFORE_PHASE2C_RETRIEVAL_AND_COMPUTE
