status=PHASE2D_IDENTITY_EXPANSION_COMPLETE
execution_base_commit=351c3364504d51c4a5aca8035cdc37835cc386e2
runtime_runner_sha256=0315be7b6863e93172ed32025c3b503d79be380389a99d1b8159f04f225482bb
archive_path=results/phase2d/omicsedge_phase2d_results.tar.gz
archive_sha256=3e5feb50e28b620a8ab9f1d4c9901b9faedb127fd84a2dad4dedf65dd5437532
archive_size_bytes=4530007
release_report_sha256=28037a9b7c4b048f13895532529de28068fb1fd838583a84960f39a19c72d44d
internal_checksum_manifest_verified=true
phase2d_validation_gates_passed=16
phase2d_validation_gates_failed=0
phase2c_event_count=7951
exact_identity_event_count=7891
unresolved_event_count=60
event_variant_link_count=7891
phase2d_unique_variant_count=2612
phase2d_new_variant_count=2612
phase1b_reused_variant_count=0
representation_equivalence_enabled=false
reliability_scoring_enabled=false
technology_ranking_enabled=false
phase2e_completed=false
