status=FROZEN_BEFORE_PHASE2D_COMPUTE_RUN2
failed_run_base_commit=9e341e8330c8bcbbdb8ef8d3e54b7cef8955b251
base_runner_sha256=fc16e3163f9f61b3b6e794177cd2834739123cc0a2a2a91115e342bab5468082
patched_runner_sha256=0315be7b6863e93172ed32025c3b503d79be380389a99d1b8159f04f225482bb
patch_report_sha256=484156d74021bb9690885770933e31c254276d9975bf6519f059724da676dab6
patch_scope=TAR_DIRECTORY_MEMBER_HANDLING_ONLY
frozen_authorities_verified_before_failure=true
phase2c_tables_loaded=false
identity_outcomes_inspected=false
phase2d_variants_materialized=false
phase2d_event_variant_links_materialized=false
phase2d_results_directory_created=false
scientific_identity_rules_changed=false
representation_equivalence_changed=false
validation_criteria_changed=false
