project=Project 003
phase=2
protocol=docs/phase2/phase2_protocol.md
protocol_sha256=6234485e8916fd30a335c761a62668b617cb148b5b5a1753d12fd7765fa1633f
phase1a_archive_sha256=6630879776c3da2326f5c56b4dbb16ca5bd409b5cbc065590608d40a99a28202
phase1b_archive_sha256=50bf597cbc13a051d5dda7201e9d7653dbc7b1762fef1b8300199641df6474fb
phase1b_gate=15/15_PASS
status=FROZEN_BEFORE_PHASE2_SOURCE_SELECTION_OR_COMPUTATION
