status=FROZEN_BEFORE_PHASE2C_COMPUTE_RERUN
failed_workflow_run_id=36631324362
failed_workflow_run_attempt=1
failed_workflow_commit=6b654c48263a4d90bf9161b682810e51725c5045
base_runner_sha256=f15e206c414024144a2e5f348f6c5612b17983edca9ee40f2e66bc6b2501a33b
patched_runner_sha256=24011ab7187c57c020fb614e5570fddf0e80a734cf1332f8a0891abc500be071
runtime_patch_report_sha256=82a44dd69aa6e247ba6c0da43d75a09083b5e5cdb36be46c178bdef5194827ae
patch_scope=APT_PRIVILEGE_ONLY
genomic_source_retrieval_performed=false
benchmark_outcome_inspection_performed=false
phase2d_identity_applied=false
