project=OmicsEdgeBio Evidence Atlas
milestone=M0
title=M0 — Evidence Atlas Expansion Protocol
approval_date=2026-10-01
base_commit=da195997c5fc14d7b11f55550a9650a4ab568811
protocol=docs/atlas/m0_expansion_protocol.md
protocol_sha256=3f27f9d54d95198c8661b27d2e8e72aeec8ad22c1828f9ad0e12e850a81c1f22
entity_schema_version=atlas-0.1.0
eligibility_policy_version=0.2.0
ml_policy_version=0.2.0
technology_taxonomy_version=0.1.0
organisms_assemblies_version=0.2.0
sources_version=0.1.0
v1_scientific_release_commit=c61b84335a8cdce0e27fedc146da263f3b10a7fd
v1_web_delivery_commit=da195997c5fc14d7b11f55550a9650a4ab568811
v1_combined_freeze_manifest_sha256=e685d5572582d832b40b4d908960f4c03537692114062cfad06729cb130193bc
v1_frozen_file_count=467
v1_scientific_data_hashed_by_this_lock=false
config/atlas/README.md_sha256=1947dfb950949657f79e26d7194d0ef8385e2f4089e63973747166b6d2beec46
config/atlas/eligibility_policy.json_sha256=66191f98d8e739644fb4cbbc9ded4d94a52c39cca153d34f01534fb9d41fc1dc
config/atlas/ml_policy.json_sha256=72e05ed8eac2cfab9ab7d34b91cf16d4d7870306a92e8b5a9534b08c4267d6e2
config/atlas/organisms_assemblies.json_sha256=6915eeaabea8de30593be9bc1552341b4164f6d4cd6b8c93ca312c1076124da1
config/atlas/provenance/assembly_verification.json_sha256=71ffe134a427d5630d4c3040e219ac9539ec8694268423d5361c8a9fad447bdd
config/atlas/provenance/ncbi_datasets/GCA_000001405.1.dataset_report.json_sha256=126ad279af1b62dc2c23a1e2d7f94766e5251d9694732aad72ab7619d8a7c1ee
config/atlas/provenance/ncbi_datasets/GCA_000001405.15.dataset_report.json_sha256=61cefe8b4d9a9b241a199a338cc3e6e6cb9190f4fd2e00cc4700786a9504e1ea
config/atlas/provenance/ncbi_datasets/GCA_000001635.2.dataset_report.json_sha256=4c4ad96c8aad56363b8585c6408fd9210d6c64b4cd2a7dd0af613c7e56677b3c
config/atlas/provenance/ncbi_datasets/GCA_000001635.9.dataset_report.json_sha256=061616673f0f8d81277b1f0a8dea59e0bc82000565eb1920b1319a41222ef4d0
config/atlas/provenance/ncbi_datasets/GCA_000002035.3.dataset_report.json_sha256=75b8a460ab877846cd113d1fd6c3ef8b356e5259ab1da958c0a2e6cddf906188
config/atlas/provenance/ncbi_datasets/GCA_000002035.4.dataset_report.json_sha256=8e3958f6d76bcf1876e74fe36a9e4e935e70c14e0304a3876544695995f0d14e
config/atlas/provenance/ncbi_datasets/GCA_000146045.2.dataset_report.json_sha256=c68dca679709244f252f8d1a3bd43e4649739dbe70626f88065bd5ca6dfadd56
config/atlas/provenance/ncbi_datasets/GCA_009914755.4.dataset_report.json_sha256=c6c8a38b01de4c2ff11cf96d306f3a58093e41766d2036b1c33158c69ee960b1
config/atlas/provenance/ncbi_datasets/GCF_000001405.13.dataset_report.json_sha256=e268eee4290564a4c57d23e75ba88c8e6881cdbf516a21d8d5e29649a1f32fde
config/atlas/provenance/ncbi_datasets/GCF_000001405.26.dataset_report.json_sha256=d0860a7e402fd30baf04803235188e3701550fed3bca94dc6beaf7c6c8266dcd
config/atlas/provenance/ncbi_datasets/GCF_000001635.20.dataset_report.json_sha256=0f1a1c3e91040dc06bc2c762677e08af3cf547314be4c524f8849c8400ba8165
config/atlas/provenance/ncbi_datasets/GCF_000001635.27.dataset_report.json_sha256=4dc3bf791be5a90d697a4581c6c24fbeb8eaa98445ce071574cd41a00528183e
config/atlas/provenance/ncbi_datasets/GCF_000002035.5.dataset_report.json_sha256=f081f283d7a9c9dbadaf4a2eca3639bce054ab7a79543aa445e7f467412acbf2
config/atlas/provenance/ncbi_datasets/GCF_000002035.6.dataset_report.json_sha256=1893620d278720d493b2c665ea891b80327936087d3c6f7f1ed280f9d00ddf52
config/atlas/provenance/ncbi_datasets/GCF_000146045.2.dataset_report.json_sha256=eea3ad4615328e7cf871868e85cc305c5e836ee8d4be4b37ba85b8be6d85b926
config/atlas/provenance/ncbi_datasets/GCF_009914755.1.dataset_report.json_sha256=2b3c4a93eea3be2502a0ac41d0d168dc9275a28680a1c4e219716463e00cfaf5
config/atlas/provenance/ncbi_datasets/taxon_10090.json_sha256=d8786d3b4a3f8f795ae85d8bb2972319edab09c2e760c3e79b0cbd81409fb6d8
config/atlas/provenance/ncbi_datasets/taxon_4932.json_sha256=6fdc2aae46924e89489fad3ee3f6bb0fa83f374c91d0cc92907ff3e77c0ec7fe
config/atlas/provenance/ncbi_datasets/taxon_559292.json_sha256=3cd1ed765d86180a7fc0b96d50b1d8dc87afba6d4be8609fa2570fd92536aac5
config/atlas/provenance/ncbi_datasets/taxon_7955.json_sha256=d26d9603783c59b3adf572b2c0028419c8a5fcc73cfd0d70ef6e03eb3782fa1b
config/atlas/provenance/ncbi_datasets/taxon_9606.json_sha256=edb2d22409eb58c25442a6c86e3e1b58e5c7e1e4677cb6a5b9ff4451f76c9a0b
config/atlas/provenance/ucsc_genomes_extract.json_sha256=7e2610d3ea09b7fee8e735aa0b8b2900fa776c970766d5f68361cf6153351741
config/atlas/sources.json_sha256=356b1a721253e59db85214e1f82ae1713c2a4d034e5656f39ea343c5286f64cc
config/atlas/technology_taxonomy.json_sha256=3839801682e157938d5a65663e56720464681afcddc14f63a843beab97bbb25b
docs/atlas/compute_architecture.md_sha256=abef4082143abe5f2313d817ac5eef3d0f0682687e94332eb7f4cd0c1293ae58
docs/atlas/entity_model.md_sha256=85c6f6778dac6d8ac680a6bfc22cab8f6d671f8ef676eaea60a9ec334eb0c028
docs/atlas/evidence_eligibility_policy.md_sha256=03305d098bc7841472f29d88ca889e9f45e7a3c563884280db9183d196400888
docs/atlas/m0_expansion_protocol.md_sha256=3f27f9d54d95198c8661b27d2e8e72aeec8ad22c1828f9ad0e12e850a81c1f22
docs/atlas/ml_policy.md_sha256=5d5b5e1b3ed1b7c962363e4066c07731bf844fe989040d87547500952c61f653
docs/atlas/organism_assembly_model.md_sha256=574b754b64fa3ca44c16a8cf117eaf81ccf79fa74d032d4243cf6b265f238c80
docs/atlas/release_model.md_sha256=475541279b231e9f86b4a3db96b17ade5eaf86e9909740f7d603f9999560863b
docs/atlas/source_strategy.md_sha256=f92f35675402288d8083ab2c405a0eeef4d6b511ab51594e0e72ff345197a12a
docs/atlas/technology_taxonomy.md_sha256=e2c50578c20732224d56f6f4a416e657b3b0fab97e9029efecf2bf1089ed0210
docs/atlas/v1_immutability_policy.md_sha256=938699b4852f8991eabc54be17130383908bb2a601014bc4507b240b6dde030a
docs/public_progress_policy.md_sha256=533b5f194ea0438c6a8ff613e5e8025b0e90d6054e0a20a752fc23a4f876aefa
docs/roadmap.md_sha256=d77bb41487e7bb7eee642f32f6fe4d4613971f3e82bd898e78362b1876c702c1
releases/README.md_sha256=ea03f55f0608fed76ea8c4b2da57487542312aab62c044f787e991f6d63bc04c
releases/v1.0.0/frozen_artifacts.sha256_sha256=e685d5572582d832b40b4d908960f4c03537692114062cfad06729cb130193bc
releases/v1.0.0/release_record.json_sha256=9ceae7dbf5274c656773ea2498268068ecfb7a60b12c83f194dd149daeaefa3a
releases/v1.0.0/scientific_release.sha256_sha256=0cfba995b027ec73b2856b7aabaab278275d82f0e95b5d06de6603080159e2a1
releases/v1.0.0/web_delivery.sha256_sha256=1d98e91a44887c09ebe012ad944bad3edb71333f057adfc25e6e22bbc53ca452
schemas/atlas/0.1.0/catalog_record.schema.json_sha256=fa472f9b6603226343c7e013b509ec6e274c445286ca6fb42b7c23a57568e296
schemas/atlas/0.1.0/common.defs.schema.json_sha256=462fcc55ad398d5fd9d58a6a66aa6ee539681421a3a9944b3492ffea8e6875ae
schemas/atlas/0.1.0/config/eligibility_policy.config.schema.json_sha256=3e6792a8956e76fe3b799f978812da132264a54926c84f455f72f1e7c7afade2
schemas/atlas/0.1.0/config/ml_policy.config.schema.json_sha256=012f5cf00ae8a35399ae14d1c3cdff43cbf5a90c81518508ca4e9a3416deebad
schemas/atlas/0.1.0/config/organisms_assemblies.config.schema.json_sha256=20d6c48850f767daf4201f281b64161f69d716601f07022c235fba9c496f395c
schemas/atlas/0.1.0/config/sources.config.schema.json_sha256=40848c76fa4e2310c0a132ccfab32130418677ca8f0007a5c3a01fa3806f029f
schemas/atlas/0.1.0/config/technology_taxonomy.config.schema.json_sha256=525d63b7e24770a235341b6e0bbdcc9ec4ca6a6b4a3abdaaee2308dbbb95f749
schemas/atlas/0.1.0/derived_artifact.schema.json_sha256=bf6b5116a29fc2fc3f24b613d218144bf157fb9878ce2e462b1affe74060a996
schemas/atlas/0.1.0/eligibility_assessment.schema.json_sha256=1fb64082b35faaf1ba4f66b2a17df52d989c0db7a034dd8996d5dd11717d690b
schemas/atlas/0.1.0/organism.schema.json_sha256=2141bdbb4767e0d0bfea013f37312754126502f51a6fbc448e6190a56f114f24
schemas/atlas/0.1.0/provenance_activity.schema.json_sha256=5770d3e21024cc46a97dafdf03aba5c2459d7bcb241d07c52e28da8954268be7
schemas/atlas/0.1.0/publication.schema.json_sha256=4f3215e2b854c2511bdeb98dac0d4a254203c6e96e2538491210634a08d36788
schemas/atlas/0.1.0/reference_assembly.schema.json_sha256=7e76ef28e6a8c99328534834a1e11319edbb6596f598ed26eedb06b3824522ec
schemas/atlas/0.1.0/reference_sequence_set.schema.json_sha256=656c1bd97545958d65ca0e9f81c3bc42a4bffc312877697d5d910947c30397bd
schemas/atlas/0.1.0/release_manifest.schema.json_sha256=99354f98111f3edfac66b3fe153636a9a94215b785790a5bca5a7c5b6195427c
schemas/atlas/0.1.0/sample.schema.json_sha256=79e76e95fc0d310044963211e3977233defc307c49684f069ed6206afb134f77
schemas/atlas/0.1.0/sequencing_run.schema.json_sha256=09c3d619d4ca11586690d3e3f8e3e08036c81bf8406c3747f2c494108f0335db
schemas/atlas/0.1.0/source_record.schema.json_sha256=c3416c53c5a548c0460134c9e43e58ea36d1eb11e8cbc219e7a96f4416cc0b39
schemas/atlas/0.1.0/study.schema.json_sha256=f7fe7aeee4eae257c572ec17de3a66c50724eec4ea204473cc6c0e3bbb574c69
schemas/atlas/0.1.0/truth_source.schema.json_sha256=949ea65e114aed27ee87f53f350528b29dea2288f70f1076bfc8e0403e626dfd
schemas/atlas/README.md_sha256=ef15ad807bbec432bddf5dfb04a7548cdd22b9d3dd866d9616bc3dd305def44b
scripts/atlas/build_v1_freeze_manifest.py_sha256=0e85221765f6ca68a0892e7f3e34c06865f6d3981b96fdfe4a365cb9d9714277
scripts/atlas/freeze_m0_protocol.py_sha256=731a1558d0399f03880f5d5539282965375ff35b13ea1c8cf7831a765b34ac28
scripts/atlas/verify_seed_assemblies.py_sha256=0792df41d78fb8fde8bba65816445cb13fa9e00dd23efcede46dee73c32d024d
src/evidence_atlas/__init__.py_sha256=6414c4422c8312db58747f67ccc8df7d01d1706f2a91d4a08e6c9f636468b698
src/evidence_atlas/protocol.py_sha256=4a9924e285734755871404e33d212b546db8488dabbc8cc43ade7c4f6da52fa2
locked_file_count=72
ml_only_value_satisfies_hard_gate=false
ml_thresholds_active=false
ml_models_active=0
ml_model_trained=false
genomic_data_downloaded=false
m1_implementation_started=false
website_modified=false
deployment_performed=false
reliability_scoring_enabled=false
technology_ranking_enabled=false
status=FROZEN_APPROVED_BEFORE_M1_IMPLEMENTATION
